
Microsoft Visual Studio Solution File, Format Version 12.00
# Visual Studio Version 17
VisualStudioVersion = 17.9.34622.214
MinimumVisualStudioVersion = 10.0.40219.1
Project("{FAE04EC0-301F-11D3-BF4B-00C04F79EFBC}") = "Checkpoint 4", "Checkpoint 4\Checkpoint 4.csproj", "{C1051AC2-12A9-4789-8579-CF5BCA332445}"
EndProject
Global
	GlobalSection(SolutionConfigurationPlatforms) = preSolution
		Debug|Any CPU = Debug|Any CPU
		Release|Any CPU = Release|Any CPU
	EndGlobalSection
	GlobalSection(ProjectConfigurationPlatforms) = postSolution
		{C1051AC2-12A9-4789-8579-CF5BCA332445}.Debug|Any CPU.ActiveCfg = Debug|Any CPU
		{C1051AC2-12A9-4789-8579-CF5BCA332445}.Debug|Any CPU.Build.0 = Debug|Any CPU
		{C1051AC2-12A9-4789-8579-CF5BCA332445}.Release|Any CPU.ActiveCfg = Release|Any CPU
		{C1051AC2-12A9-4789-8579-CF5BCA332445}.Release|Any CPU.Build.0 = Release|Any CPU
	EndGlobalSection
	GlobalSection(SolutionProperties) = preSolution
		HideSolutionNode = FALSE
	EndGlobalSection
	GlobalSection(ExtensibilityGlobals) = postSolution
		SolutionGuid = {A5FBC70C-CE4C-4AD3-B196-6C695F91956C}
	EndGlobalSection
EndGlobal
